codeberg.org/hum3/go-luca v0.2.25 h1:0xK8qDURyN0Mefsz1cweWU5+hXeYinbA3Rmu5yGa80c=
codeberg.org/hum3/go-luca v0.2.25/go.mod h1:p0FZwsP5wnLvG9OON4Payi310HA87GDH4B+//H/pFRU=
codeberg.org/hum3/go-postgres v0.5.2 h1:M5UqsX1lUFqOjRD+l2ytGpLAYzMKnHdTv53/uiHsfyA=
codeberg.org/hum3/go-postgres v0.5.2/go.mod h1:lK3yBzN6TnSmAqdPnwK6f463b6qKsb8E/d3j3nYlcCo=
codeberg.org/hum3/gotreesitter v0.6.6 h1:Jlm2gW7h+wsplmktFFD5hWKYXrE/nL0tym+onIY7xIg=
codeberg.org/hum3/gotreesitter v0.6.6/go.mod h1:8wUQjHmNb63u/bYrhUuAw0TreVRw/z2iwzvX2Y0P8Us=
github.com/google/uuid v1.6.0 h1:NIvaJDMOsjHA8n1jAhLSgzrAzy1Hgr+hNrb57e+94F0=
github.com/google/uuid v1.6.0/go.mod h1:TIyPZe4MgqvfeYDBFedMoGGpEw/LqOeaOT+nhxU+yHo=
github.com/ncruces/go-sqlite3 v0.32.0 h1:hNBUXp88LrfQCsuyXLqWTbTUG35sUuktDsqhhgHvU20=
github.com/ncruces/go-sqlite3 v0.32.0/go.mod h1:MIWTK60ONDl0oVY073zYvJP21C3Dly6P9bxVpgkLwdQ=
github.com/ncruces/julianday v1.0.0 h1:fH0OKwa7NWvniGQtxdJRxAgkBMolni2BjDHaWTxqt7M=
github.com/ncruces/julianday v1.0.0/go.mod h1:Dusn2KvZrrovOMJuOt0TNXL6tB7U2E8kvza5fFc9G7g=
github.com/shopspring/decimal v1.4.0 h1:bxl37RwXBklmTi0C79JfXCEBD1cqqHt0bbgBAGFp81k=
github.com/shopspring/decimal v1.4.0/go.mod h1:gawqmDU56v4yIKSwfBSFip1HdCCXN8/+DMd9qYNcwME=
github.com/tetratelabs/wazero v1.11.0 h1:+gKemEuKCTevU4d7ZTzlsvgd1uaToIDtlQlmNbwqYhA=
github.com/tetratelabs/wazero v1.11.0/go.mod h1:eV28rsN8Q+xwjogd7f4/Pp4xFxO7uOGbLcD/LzB1wiU=
golang.org/x/sys v0.41.0 h1:Ivj+2Cp/ylzLiEU89QhWblYnOE9zerudt9Ftecq2C6k=
golang.org/x/sys v0.41.0/go.mod h1:OgkHotnGiDImocRcuBABYBEXf8A9a87e/uXjp9XT3ks=
golang.org/x/text v0.34.0 h1:oL/Qq0Kdaqxa1KbNeMKwQq0reLCCaFtqu2eNuSeNHbk=
golang.org/x/text v0.34.0/go.mod h1:homfLqTYRFyVYemLBFl5GgL/DWEiH5wcsQ5gSh1yziA=
